// !$*UTF8*$!
{
	archiveVersion = 1;
	classes = {
	};
	objectVersion = 46;
	objects = {

/* Begin PBXBuildFile section */
		74E9B0931B35827300F03406 /* main.m in Sources */ = {isa = PBXBuildFile; fileRef = 74E9B0921B35827300F03406 /* main.m */; };
		74E9B0961B35827300F03406 /* AppDelegate.m in Sources */ = {isa = PBXBuildFile; fileRef = 74E9B0951B35827300F03406 /* AppDelegate.m */; };
		74E9B0991B35827300F03406 /* ViewController.m in Sources */ = {isa = PBXBuildFile; fileRef = 74E9B0981B35827300F03406 /* ViewController.m */; };
		74E9B09C1B35827300F03406 /* Main.storyboard in Resources */ = {isa = PBXBuildFile; fileRef = 74E9B09A1B35827300F03406 /* Main.storyboard */; };
		74E9B09E1B35827400F03406 /* Images.xcassets in Resources */ = {isa = PBXBuildFile; fileRef = 74E9B09D1B35827400F03406 /* Images.xcassets */; };
		74E9B0A11B35827400F03406 /* LaunchScreen.xib in Resources */ = {isa = PBXBuildFile; fileRef = 74E9B09F1B35827400F03406 /* LaunchScreen.xib */; };
		74E9B0AD1B35827400F03406 /* QuizTests.m in Sources */ = {isa = PBXBuildFile; fileRef = 74E9B0AC1B35827400F03406 /* QuizTests.m */; };
/* End PBXBuildFile section */

/* Begin PBXContainerItemProxy section */
		74E9B0A71B35827400F03406 /* PBXContainerItemProxy */ = {
			isa = PBXContainerItemProxy;
			containerPortal = 74E9B0851B35827300F03406 /* Project object */;
			proxyType = 1;
			remoteGlobalIDString = 74E9B08C1B35827300F03406;
			remoteInfo = Quiz;
		};
/* End PBXContainerItemProxy section */

/* Begin PBXFileReference section */
		74E9B08D1B35827300F03406 /* Quiz.app */ = {isa = PBXFileReference; explicitFileType = wrapper.application; includeInIndex = 0; path = Quiz.app; sourceTree = BUILT_PRODUCTS_DIR; };
		74E9B0911B35827300F03406 /* Info.plist */ = {isa = PBXFileReference; lastKnownFileType = text.plist.xml; path = Info.plist; sourceTree = "<group>"; };
		74E9B0921B35827300F03406 /* main.m */ = {isa = PBXFileReference; lastKnownFileType = sourcecode.c.objc; path = main.m; sourceTree = "<group>"; };
		74E9B0941B35827300F03406 /* AppDelegate.h */ = {isa = PBXFileReference; lastKnownFileType = sourcecode.c.h; path = AppDelegate.h; sourceTree = "<group>"; };
		74E9B0951B35827300F03406 /* AppDelegate.m */ = {isa = PBXFileReference; lastKnownFileType = sourcecode.c.objc; path = AppDelegate.m; sourceTree = "<group>"; };
		74E9B0971B35827300F03406 /* ViewController.h */ = {isa = PBXFileReference; lastKnownFileType = sourcecode.c.h; path = ViewController.h; sourceTree = "<group>"; };
		74E9B0981B35827300F03406 /* ViewController.m */ = {isa = PBXFileReference; lastKnownFileType = sourcecode.c.objc; path = ViewController.m; sourceTree = "<group>"; };
		74E9B09B1B35827300F03406 /* Base */ = {isa = PBXFileReference; lastKnownFileType = file.storyboard; name = Base; path = Base.lproj/Main.storyboard; sourceTree = "<group>"; };
		74E9B09D1B35827400F03406 /* Images.xcassets */ = {isa = PBXFileReference; lastKnownFileType = folder.assetcatalog; path = Images.xcassets; sourceTree = "<group>"; };
		74E9B0A01B35827400F03406 /* Base */ = {isa = PBXFileReference; lastKnownFileType = file.xib; name = Base; path = Base.lproj/LaunchScreen.xib; sourceTree = "<group>"; };
		74E9B0A61B35827400F03406 /* QuizTests.xctest */ = {isa = PBXFileReference; explicitFileType = wrapper.cfbundle; includeInIndex = 0; path = QuizTests.xctest; sourceTree = BUILT_PRODUCTS_DIR; };
		74E9B0AB1B35827400F03406 /* Info.plist */ = {isa = PBXFileReference; lastKnownFileType = text.plist.xml; path = Info.plist; sourceTree = "<group>"; };
		74E9B0AC1B35827400F03406 /* QuizTests.m */ = {isa = PBXFileReference; lastKnownFileType = sourcecode.c.objc; path = QuizTests.m; sourceTree = "<group>"; };
/* End PBXFileReference section */

/* Begin PBXFrameworksBuildPhase section */
		74E9B08A1B35827300F03406 /* Frameworks */ = {
			isa = PBXFrameworksBuildPhase;
			buildActionMask = 2147483647;
			files = (
			);
			runOnlyForDeploymentPostprocessing = 0;
		};
		74E9B0A31B35827400F03406 /* Frameworks */ = {
			isa = PBXFrameworksBuildPhase;
			buildActionMask = 2147483647;
			files = (
			);
			runOnlyForDeploymentPostprocessing = 0;
		};
/* End PBXFrameworksBuildPhase section */

/* Begin PBXGroup section */
		74E9B0841B35827300F03406 = {
			isa = PBXGroup;
			children = (
				74E9B08F1B35827300F03406 /* Quiz */,
				74E9B0A91B35827400F03406 /* QuizTests */,
				74E9B08E1B35827300F03406 /* Products */,
			);
			sourceTree = "<group>";
		};
		74E9B08E1B35827300F03406 /* Products */ = {
			isa = PBXGroup;
			children = (
				74E9B08D1B35827300F03406 /* Quiz.app */,
				74E9B0A61B35827400F03406 /* QuizTests.xctest */,
			);
			name = Products;
			sourceTree = "<group>";
		};
		74E9B08F1B35827300F03406 /* Quiz */ = {
			isa = PBXGroup;
			children = (
				74E9B0941B35827300F03406 /* AppDelegate.h */,
				74E9B0951B35827300F03406 /* AppDelegate.m */,
				74E9B0971B35827300F03406 /* ViewController.h */,
				74E9B0981B35827300F03406 /* ViewController.m */,
				74E9B09A1B35827300F03406 /* Main.storyboard */,
				74E9B09D1B35827400F03406 /* Images.xcassets */,
				74E9B09F1B35827400F03406 /* LaunchScreen.xib */,
				74E9B0901B35827300F03406 /* Supporting Files */,
			);
			path = Quiz;
			sourceTree = "<group>";
		};
		74E9B0901B35827300F03406 /* Supporting Files */ = {
			isa = PBXGroup;
			children = (
				74E9B0911B35827300F03406 /* Info.plist */,
				74E9B0921B35827300F03406 /* main.m */,
			);
			name = "Supporting Files";
			sourceTree = "<group>";
		};
		74E9B0A91B35827400F03406 /* QuizTests */ = {
			isa = PBXGroup;
			children = (
				74E9B0AC1B35827400F03406 /* QuizTests.m */,
				74E9B0AA1B35827400F03406 /* Supporting Files */,
			);
			path = QuizTests;
			sourceTree = "<group>";
		};
		74E9B0AA1B35827400F03406 /* Supporting Files */ = {
			isa = PBXGroup;
			children = (
				74E9B0AB1B35827400F03406 /* Info.plist */,
			);
			name = "Supporting Files";
			sourceTree = "<group>";
		};
/* End PBXGroup section */

/* Begin PBXNativeTarget section */
		74E9B08C1B35827300F03406 /* Quiz */ = {
			isa = PBXNativeTarget;
			buildConfigurationList = 74E9B0B01B35827400F03406 /* Build configuration list for PBXNativeTarget "Quiz" */;
			buildPhases = (
				74E9B0891B35827300F03406 /* Sources */,
				74E9B08A1B35827300F03406 /* Frameworks */,
				74E9B08B1B35827300F03406 /* Resources */,
			);
			buildRules = (
			);
			dependencies = (
			);
			name = Quiz;
			productName = Quiz;
			productReference = 74E9B08D1B35827300F03406 /* Quiz.app */;
			productType = "com.apple.product-type.application";
		};
		74E9B0A51B35827400F03406 /* QuizTests */ = {
			isa = PBXNativeTarget;
			buildConfigurationList = 74E9B0B31B35827400F03406 /* Build configuration list for PBXNativeTarget "QuizTests" */;
			buildPhases = (
				74E9B0A21B35827400F03406 /* Sources */,
				74E9B0A31B35827400F03406 /* Frameworks */,
				74E9B0A41B35827400F03406 /* Resources */,
			);
			buildRules = (
			);
			dependencies = (
				74E9B0A81B35827400F03406 /* PBXTargetDependency */,
			);
			name = QuizTests;
			productName = QuizTests;
			productReference = 74E9B0A61B35827400F03406 /* QuizTests.xctest */;
			productType = "com.apple.product-type.bundle.unit-test";
		};
/* End PBXNativeTarget section */

/* Begin PBXProject section */
		74E9B0851B35827300F03406 /* Project object */ = {
			isa = PBXProject;
			attributes = {
				CLASSPREFIX = BNR;
				LastUpgradeCheck = 0630;
				ORGANIZATIONNAME = "Big Nerd Ranch";
				TargetAttributes = {
					74E9B08C1B35827300F03406 = {
						CreatedOnToolsVersion = 6.3.2;
					};
					74E9B0A51B35827400F03406 = {
						CreatedOnToolsVersion = 6.3.2;
						TestTargetID = 74E9B08C1B35827300F03406;
					};
				};
			};
			buildConfigurationList = 74E9B0881B35827300F03406 /* Build configuration list for PBXProject "Quiz" */;
			compatibilityVersion = "Xcode 3.2";
			developmentRegion = English;
			hasScannedForEncodings = 0;
			knownRegions = (
				en,
				Base,
			);
			mainGroup = 74E9B0841B35827300F03406;
			productRefGroup = 74E9B08E1B35827300F03406 /* Products */;
			projectDirPath = "";
			projectRoot = "";
			targets = (
				74E9B08C1B35827300F03406 /* Quiz */,
				74E9B0A51B35827400F03406 /* QuizTests */,
			);
		};
/* End PBXProject section */

/* Begin PBXResourcesBuildPhase section */
		74E9B08B1B35827300F03406 /* Resources */ = {
			isa = PBXResourcesBuildPhase;
			buildActionMask = 2147483647;
			files = (
				74E9B09C1B35827300F03406 /* Main.storyboard in Resources */,
				74E9B0A11B35827400F03406 /* LaunchScreen.xib in Resources */,
				74E9B09E1B35827400F03406 /* Images.xcassets in Resources */,
			);
			runOnlyForDeploymentPostprocessing = 0;
		};
		74E9B0A41B35827400F03406 /* Resources */ = {
			isa = PBXResourcesBuildPhase;
			buildActionMask = 2147483647;
			files = (
			);
			runOnlyForDeploymentPostprocessing = 0;
		};
/* End PBXResourcesBuildPhase section */

/* Begin PBXSourcesBuildPhase section */
		74E9B0891B35827300F03406 /* Sources */ = {
			isa = PBXSourcesBuildPhase;
			buildActionMask = 2147483647;
			files = (
				74E9B0991B35827300F03406 /* ViewController.m in Sources */,
				74E9B0961B35827300F03406 /* AppDelegate.m in Sources */,
				74E9B0931B35827300F03406 /* main.m in Sources */,
			);
			runOnlyForDeploymentPostprocessing = 0;
		};
		74E9B0A21B35827400F03406 /* Sources */ = {
			isa = PBXSourcesBuildPhase;
			buildActionMask = 2147483647;
			files = (
				74E9B0AD1B35827400F03406 /* QuizTests.m in Sources */,
			);
			runOnlyForDeploymentPostprocessing = 0;
		};
/* End PBXSourcesBuildPhase section */

/* Begin PBXTargetDependency section */
		74E9B0A81B35827400F03406 /* PBXTargetDependency */ = {
			isa = PBXTargetDependency;
			target = 74E9B08C1B35827300F03406 /* Quiz */;
			targetProxy = 74E9B0A71B35827400F03406 /* PBXContainerItemProxy */;
		};
/* End PBXTargetDependency section */

/* Begin PBXVariantGroup section */
		74E9B09A1B35827300F03406 /* Main.storyboard */ = {
			isa = PBXVariantGroup;
			children = (
				74E9B09B1B35827300F03406 /* Base */,
			);
			name = Main.storyboard;
			sourceTree = "<group>";
		};
		74E9B09F1B35827400F03406 /* LaunchScreen.xib */ = {
			isa = PBXVariantGroup;
			children = (
				74E9B0A01B35827400F03406 /* Base */,
			);
			name = LaunchScreen.xib;
			sourceTree = "<group>";
		};
/* End PBXVariantGroup section */

/* Begin XCBuildConfiguration section */
		74E9B0AE1B35827400F03406 /* Debug */ = {
			isa = XCBuildConfiguration;
			buildSettings = {
				ALWAYS_SEARCH_USER_PATHS = NO;
				CLANG_CXX_LANGUAGE_STANDARD = "gnu++0x";
				CLANG_CXX_LIBRARY = "libc++";
				CLANG_ENABLE_MODULES = YES;
				CLANG_ENABLE_OBJC_ARC = YES;
				CLANG_WARN_BOOL_CONVERSION = YES;
				CLANG_WARN_CONSTANT_CONVERSION = YES;
				CLANG_WARN_DIRECT_OBJC_ISA_USAGE = YES_ERROR;
				CLANG_WARN_EMPTY_BODY = YES;
				CLANG_WARN_ENUM_CONVERSION = YES;
				CLANG_WARN_INT_CONVERSION = YES;
				CLANG_WARN_OBJC_ROOT_CLASS = YES_ERROR;
				CLANG_WARN_UNREACHABLE_CODE = YES;
				CLANG_WARN__DUPLICATE_METHOD_MATCH = YES;
				"CODE_SIGN_IDENTITY[sdk=iphoneos*]" = "iPhone Developer";
				COPY_PHASE_STRIP = NO;
				DEBUG_INFORMATION_FORMAT = "dwarf-with-dsym";
				ENABLE_STRICT_OBJC_MSGSEND = YES;
				GCC_C_LANGUAGE_STANDARD = gnu99;
				GCC_DYNAMIC_NO_PIC = NO;
				GCC_NO_COMMON_BLOCKS = YES;
				GCC_OPTIMIZATION_LEVEL = 0;
				GCC_PREPROCESSOR_DEFINITIONS = (
					"DEBUG=1",
					"$(inherited)",
				);
				GCC_SYMBOLS_PRIVATE_EXTERN = NO;
				GCC_WARN_64_TO_32_BIT_CONVERSION = YES;
				GCC_WARN_ABOUT_RETURN_TYPE = YES_ERROR;
				GCC_WARN_UNDECLARED_SELECTOR = YES;
				GCC_WARN_UNINITIALIZED_AUTOS = YES_AGGRESSIVE;
				GCC_WARN_UNUSED_FUNCTION = YES;
				GCC_WARN_UNUSED_VARIABLE = YES;
				IPHONEOS_DEPLOYMENT_TARGET = 8.3;
				MTL_ENABLE_DEBUG_INFO = YES;
				ONLY_ACTIVE_ARCH = YES;
				SDKROOT = iphoneos;
			};
			name = Debug;
		};
		74E9B0AF1B35827400F03406 /* Release */ = {
			isa = XCBuildConfiguration;
			buildSettings = {
				ALWAYS_SEARCH_USER_PATHS = NO;
				CLANG_CXX_LANGUAGE_STANDARD = "gnu++0x";
				CLANG_CXX_LIBRARY = "libc++";
				CLANG_ENABLE_MODULES = YES;
				CLANG_ENABLE_OBJC_ARC = YES;
				CLANG_WARN_BOOL_CONVERSION = YES;
				CLANG_WARN_CONSTANT_CONVERSION = YES;
				CLANG_WARN_DIRECT_OBJC_ISA_USAGE = YES_ERROR;
				CLANG_WARN_EMPTY_BODY = YES;
				CLANG_WARN_ENUM_CONVERSION = YES;
				CLANG_WARN_INT_CONVERSION = YES;
				CLANG_WARN_OBJC_ROOT_CLASS = YES_ERROR;
				CLANG_WARN_UNREACHABLE_CODE = YES;
				CLANG_WARN__DUPLICATE_METHOD_MATCH = YES;
				"CODE_SIGN_IDENTITY[sdk=iphoneos*]" = "iPhone Developer";
				COPY_PHASE_STRIP = NO;
				DEBUG_INFORMATION_FORMAT = "dwarf-with-dsym";
				ENABLE_NS_ASSERTIONS = NO;
				ENABLE_STRICT_OBJC_MSGSEND = YES;
				GCC_C_LANGUAGE_STANDARD = gnu99;
				GCC_NO_COMMON_BLOCKS = YES;
				GCC_WARN_64_TO_32_BIT_CONVERSION = YES;
				GCC_WARN_ABOUT_RETURN_TYPE = YES_ERROR;
				GCC_WARN_UNDECLARED_SELECTOR = YES;
				GCC_WARN_UNINITIALIZED_AUTOS = YES_AGGRESSIVE;
				GCC_WARN_UNUSED_FUNCTION = YES;
				GCC_WARN_UNUSED_VARIABLE = YES;
				IPHONEOS_DEPLOYMENT_TARGET = 8.3;
				MTL_ENABLE_DEBUG_INFO = NO;
				SDKROOT = iphoneos;
				VALIDATE_PRODUCT = YES;
			};
			name = Release;
		};
		74E9B0B11B35827400F03406 /* Debug */ = {
			isa = XCBuildConfiguration;
			buildSettings = {
				ASSETCATALOG_COMPILER_APPICON_NAME = AppIcon;
				INFOPLIST_FILE = Quiz/Info.plist;
				LD_RUNPATH_SEARCH_PATHS = "$(inherited) @executable_path/Frameworks";
				PRODUCT_NAME = "$(TARGET_NAME)";
				TARGETED_DEVICE_FAMILY = 1;
			};
			name = Debug;
		};
		74E9B0B21B35827400F03406 /* Release */ = {
			isa = XCBuildConfiguration;
			buildSettings = {
				ASSETCATALOG_COMPILER_APPICON_NAME = AppIcon;
				INFOPLIST_FILE = Quiz/Info.plist;
				LD_RUNPATH_SEARCH_PATHS = "$(inherited) @executable_path/Frameworks";
				PRODUCT_NAME = "$(TARGET_NAME)";
				TARGETED_DEVICE_FAMILY = 1;
			};
			name = Release;
		};
		74E9B0B41B35827400F03406 /* Debug */ = {
			isa = XCBuildConfiguration;
			buildSettings = {
				BUNDLE_LOADER = "$(TEST_HOST)";
				FRAMEWORK_SEARCH_PATHS = (
					"$(SDKROOT)/Developer/Library/Frameworks",
					"$(inherited)",
				);
				GCC_PREPROCESSOR_DEFINITIONS = (
					"DEBUG=1",
					"$(inherited)",
				);
				INFOPLIST_FILE = QuizTests/Info.plist;
				LD_RUNPATH_SEARCH_PATHS = "$(inherited) @executable_path/Frameworks @loader_path/Frameworks";
				PRODUCT_NAME = "$(TARGET_NAME)";
				TEST_HOST = "$(BUILT_PRODUCTS_DIR)/Quiz.app/Quiz";
			};
			name = Debug;
		};
		74E9B0B51B35827400F03406 /* Release */ = {
			isa = XCBuildConfiguration;
			buildSettings = {
				BUNDLE_LOADER = "$(TEST_HOST)";
				FRAMEWORK_SEARCH_PATHS = (
					"$(SDKROOT)/Developer/Library/Frameworks",
					"$(inherited)",
				);
				INFOPLIST_FILE = QuizTests/Info.plist;
				LD_RUNPATH_SEARCH_PATHS = "$(inherited) @executable_path/Frameworks @loader_path/Frameworks";
				PRODUCT_NAME = "$(TARGET_NAME)";
				TEST_HOST = "$(BUILT_PRODUCTS_DIR)/Quiz.app/Quiz";
			};
			name = Release;
		};
/* End XCBuildConfiguration section */

/* Begin XCConfigurationList section */
		74E9B0881B35827300F03406 /* Build configuration list for PBXProject "Quiz" */ = {
			isa = XCConfigurationList;
			buildConfigurations = (
				74E9B0AE1B35827400F03406 /* Debug */,
				74E9B0AF1B35827400F03406 /* Release */,
			);
			defaultConfigurationIsVisible = 0;
			defaultConfigurationName = Release;
		};
		74E9B0B01B35827400F03406 /* Build configuration list for PBXNativeTarget "Quiz" */ = {
			isa = XCConfigurationList;
			buildConfigurations = (
				74E9B0B11B35827400F03406 /* Debug */,
				74E9B0B21B35827400F03406 /* Release */,
			);
			defaultConfigurationIsVisible = 0;
		};
		74E9B0B31B35827400F03406 /* Build configuration list for PBXNativeTarget "QuizTests" */ = {
			isa = XCConfigurationList;
			buildConfigurations = (
				74E9B0B41B35827400F03406 /* Debug */,
				74E9B0B51B35827400F03406 /* Release */,
			);
			defaultConfigurationIsVisible = 0;
		};
/* End XCConfigurationList section */
	};
	rootObject = 74E9B0851B35827300F03406 /* Project object */;
}
